
Microsoft Visual Studio Solution File, Format Version 12.00
# Visual Studio Version 17
VisualStudioVersion = 17.8.34511.84
MinimumVisualStudioVersion = 10.0.40219.1
Project("{FAE04EC0-301F-11D3-BF4B-00C04F79EFBC}") = "Game", "Game\Game.csproj", "{8483224D-7E34-42EA-902A-5E54F64185B2}"
EndProject
Global
	GlobalSection(SolutionConfigurationPlatforms) = preSolution
		Debug|Any CPU = Debug|Any CPU
		Release|Any CPU = Release|Any CPU
	EndGlobalSection
	GlobalSection(ProjectConfigurationPlatforms) = postSolution
		{8483224D-7E34-42EA-902A-5E54F64185B2}.Debug|Any CPU.ActiveCfg = Debug|Any CPU
		{8483224D-7E34-42EA-902A-5E54F64185B2}.Debug|Any CPU.Build.0 = Debug|Any CPU
		{8483224D-7E34-42EA-902A-5E54F64185B2}.Release|Any CPU.ActiveCfg = Release|Any CPU
		{8483224D-7E34-42EA-902A-5E54F64185B2}.Release|Any CPU.Build.0 = Release|Any CPU
	EndGlobalSection
	GlobalSection(SolutionProperties) = preSolution
		HideSolutionNode = FALSE
	EndGlobalSection
	GlobalSection(ExtensibilityGlobals) = postSolution
		SolutionGuid = {61DE9F06-FEBC-4A11-B3E6-FA52CE5922FB}
	EndGlobalSection
EndGlobal
